// !$*UTF8*$!
{
	archiveVersion = 1;
	classes = {
	};
	objectVersion = 52;
	objects = {

/* Begin PBXBuildFile section */
		3D17E78F225364A900AF0E70 /* Client.swift in Sources */ = {isa = PBXBuildFile; fileRef = 3D17E78E225364A900AF0E70 /* Client.swift */; };
		3D17E7942253EDDB00AF0E70 /* TwitterClient.swift in Sources */ = {isa = PBXBuildFile; fileRef = 3D17E7932253EDDB00AF0E70 /* TwitterClient.swift */; };
		3D17E7962253F41700AF0E70 /* TwitterAccount.swift in Sources */ = {isa = PBXBuildFile; fileRef = 3D17E7952253F41700AF0E70 /* TwitterAccount.swift */; };
		3D5520D22022322200AAF108 /* AppDelegate.swift in Sources */ = {isa = PBXBuildFile; fileRef = 3D5520D12022322200AAF108 /* AppDelegate.swift */; };
		3D5520D42022322200AAF108 /* GeneralPaneController.swift in Sources */ = {isa = PBXBuildFile; fileRef = 3D5520D32022322200AAF108 /* GeneralPaneController.swift */; };
		3D5520D62022322200AAF108 /* Assets.xcassets in Resources */ = {isa = PBXBuildFile; fileRef = 3D5520D52022322200AAF108 /* Assets.xcassets */; };
		3D5520D92022322300AAF108 /* Main.storyboard in Resources */ = {isa = PBXBuildFile; fileRef = 3D5520D72022322300AAF108 /* Main.storyboard */; };
		3D5520E52022322500AAF108 /* NowPlayingTweetTests.swift in Sources */ = {isa = PBXBuildFile; fileRef = 3D5520E42022322500AAF108 /* NowPlayingTweetTests.swift */; };
		3D5520F02022322500AAF108 /* NowPlayingTweetUITests.swift in Sources */ = {isa = PBXBuildFile; fileRef = 3D5520EF2022322500AAF108 /* NowPlayingTweetUITests.swift */; };
		3D55210F20230EC800AAF108 /* PreferencesWindowController.swift in Sources */ = {isa = PBXBuildFile; fileRef = 3D55210E20230EC800AAF108 /* PreferencesWindowController.swift */; };
		3D552111202329E900AAF108 /* AccountPaneController.swift in Sources */ = {isa = PBXBuildFile; fileRef = 3D552110202329E900AAF108 /* AccountPaneController.swift */; };
		3D9D294523A2E3030031505C /* NSGridView++.swift in Sources */ = {isa = PBXBuildFile; fileRef = 3D9D294423A2E3030031505C /* NSGridView++.swift */; };
		3D9D294723A38E710031505C /* OAuth.swift in Sources */ = {isa = PBXBuildFile; fileRef = 3D9D294623A38E710031505C /* OAuth.swift */; };
		3D9D294923A38F550031505C /* OAuth1.swift in Sources */ = {isa = PBXBuildFile; fileRef = 3D9D294823A38F550031505C /* OAuth1.swift */; };
		3D9D294D23A3E6F70031505C /* TwitterAccounts.swift in Sources */ = {isa = PBXBuildFile; fileRef = 3D9D294C23A3E6F70031505C /* TwitterAccounts.swift */; };
		3D9D294F23A50C3D0031505C /* ProviderAccounts.swift in Sources */ = {isa = PBXBuildFile; fileRef = 3D9D294E23A50C3D0031505C /* ProviderAccounts.swift */; };
		3D9D295223A61B720031505C /* NotificationName++.swift in Sources */ = {isa = PBXBuildFile; fileRef = 3D9D295123A61B720031505C /* NotificationName++.swift */; };
		3D9D295823A648F60031505C /* SocialError.swift in Sources */ = {isa = PBXBuildFile; fileRef = 3D9D295723A648F60031505C /* SocialError.swift */; };
		3D9D295A23A65FDF0031505C /* AuthorizeByCallback.swift in Sources */ = {isa = PBXBuildFile; fileRef = 3D9D295923A65FDF0031505C /* AuthorizeByCallback.swift */; };
		3D9D296223A7831E0031505C /* ProviderCellView.swift in Sources */ = {isa = PBXBuildFile; fileRef = 3D9D296023A779790031505C /* ProviderCellView.swift */; };
		3DAA09AA202B104000C6F449 /* NPTError.swift in Sources */ = {isa = PBXBuildFile; fileRef = 3DAA09A9202B103F00C6F449 /* NPTError.swift */; };
		3DAA09AC202C1B7100C6F449 /* NSAlert++.swift in Sources */ = {isa = PBXBuildFile; fileRef = 3DAA09AB202C1B7100C6F449 /* NSAlert++.swift */; };
		3DAA09AE202C47EE00C6F449 /* Accounts.swift in Sources */ = {isa = PBXBuildFile; fileRef = 3DAA09AD202C47EE00C6F449 /* Accounts.swift */; };
		3DAA09B2202CB48500C6F449 /* AccountCellView.swift in Sources */ = {isa = PBXBuildFile; fileRef = 3DAA09B1202CB48500C6F449 /* AccountCellView.swift */; };
		3DAA09B4202DB3CE00C6F449 /* NSMenuItem++.swift in Sources */ = {isa = PBXBuildFile; fileRef = 3DAA09B3202DB3CB00C6F449 /* NSMenuItem++.swift */; };
		3DCEE8112026409E00D87CE5 /* NSImageView++.swift in Sources */ = {isa = PBXBuildFile; fileRef = 3DCEE8102026409E00D87CE5 /* NSImageView++.swift */; };
		3DCEE8182027014800D87CE5 /* NSButton++.swift in Sources */ = {isa = PBXBuildFile; fileRef = 3DCEE8172027014800D87CE5 /* NSButton++.swift */; };
		3DCEE81A202747F800D87CE5 /* AdvancedPaneController.swift in Sources */ = {isa = PBXBuildFile; fileRef = 3DCEE819202747F800D87CE5 /* AdvancedPaneController.swift */; };
		3DD88B26202450D9000F7818 /* NSControl++.swift in Sources */ = {isa = PBXBuildFile; fileRef = 3DD88B25202450D9000F7818 /* NSControl++.swift */; };
		3DD88B282024974C000F7818 /* Notification++.swift in Sources */ = {isa = PBXBuildFile; fileRef = 3DD88B272024974C000F7818 /* Notification++.swift */; };
		3DD88B2A2024BBFE000F7818 /* NSImage++.swift in Sources */ = {isa = PBXBuildFile; fileRef = 3DD88B292024BBFE000F7818 /* NSImage++.swift */; };
		3DD88B2C2024C25E000F7818 /* iTunesPlayerInfo.swift in Sources */ = {isa = PBXBuildFile; fileRef = 3DD88B2B2024C25E000F7818 /* iTunesPlayerInfo.swift */; };
		3DD88B2E2024C852000F7818 /* NotificationObserver.swift in Sources */ = {isa = PBXBuildFile; fileRef = 3DD88B2D2024C852000F7818 /* NotificationObserver.swift */; };
		3DDC123123AD57C30088CAE7 /* iTunesBridge.framework in Frameworks */ = {isa = PBXBuildFile; fileRef = 3D5A4B42218C46F100775D4E /* iTunesBridge.framework */; };
		3DDC123223AD57C30088CAE7 /* iTunesBridge.framework in Embed Frameworks */ = {isa = PBXBuildFile; fileRef = 3D5A4B42218C46F100775D4E /* iTunesBridge.framework */; settings = {ATTRIBUTES = (CodeSignOnCopy, RemoveHeadersOnCopy, ); }; };
		3DDCEF802073CDFC00BE649C /* KeychainAccess.framework in Frameworks */ = {isa = PBXBuildFile; fileRef = 3DD88B2120244F40000F7818 /* KeychainAccess.framework */; };
		3DDCEF812073CDFC00BE649C /* KeychainAccess.framework in Embed Frameworks */ = {isa = PBXBuildFile; fileRef = 3DD88B2120244F40000F7818 /* KeychainAccess.framework */; settings = {ATTRIBUTES = (CodeSignOnCopy, RemoveHeadersOnCopy, ); }; };
		3DDCEF822073CDFF00BE649C /* SwifterMac.framework in Frameworks */ = {isa = PBXBuildFile; fileRef = 3D55210120223B8000AAF108 /* SwifterMac.framework */; };
		3DDCEF832073CDFF00BE649C /* SwifterMac.framework in Embed Frameworks */ = {isa = PBXBuildFile; fileRef = 3D55210120223B8000AAF108 /* SwifterMac.framework */; settings = {ATTRIBUTES = (CodeSignOnCopy, RemoveHeadersOnCopy, ); }; };
		3DDCEF842073CE0300BE649C /* Magnet.framework in Frameworks */ = {isa = PBXBuildFile; fileRef = 3DFF8658204718E7004FDD88 /* Magnet.framework */; };
		3DDCEF852073CE0300BE649C /* Magnet.framework in Embed Frameworks */ = {isa = PBXBuildFile; fileRef = 3DFF8658204718E7004FDD88 /* Magnet.framework */; settings = {ATTRIBUTES = (CodeSignOnCopy, RemoveHeadersOnCopy, ); }; };
		3DDCEF862073CE0600BE649C /* KeyHolder.framework in Frameworks */ = {isa = PBXBuildFile; fileRef = 3DFF8659204718E8004FDD88 /* KeyHolder.framework */; };
		3DDCEF872073CE0600BE649C /* KeyHolder.framework in Embed Frameworks */ = {isa = PBXBuildFile; fileRef = 3DFF8659204718E8004FDD88 /* KeyHolder.framework */; settings = {ATTRIBUTES = (CodeSignOnCopy, RemoveHeadersOnCopy, ); }; };
		3DEEED95234496EE003B2AD2 /* Credentials.swift in Sources */ = {isa = PBXBuildFile; fileRef = 3DEEED94234496EE003B2AD2 /* Credentials.swift */; };
		3DEEED9923449903003B2AD2 /* TwitterCredentials.swift in Sources */ = {isa = PBXBuildFile; fileRef = 3DEEED9823449903003B2AD2 /* TwitterCredentials.swift */; };
		3DEF425D2252748C008E977A /* Account.swift in Sources */ = {isa = PBXBuildFile; fileRef = 3DEF425C2252748C008E977A /* Account.swift */; };
		3DEF425F22527526008E977A /* Provider.swift in Sources */ = {isa = PBXBuildFile; fileRef = 3DEF425E22527526008E977A /* Provider.swift */; };
		3DF4A6DC20277722007A7B29 /* NSEvent++.swift in Sources */ = {isa = PBXBuildFile; fileRef = 3DF4A6DB20277722007A7B29 /* NSEvent++.swift */; };
		3DF4A6DE20277873007A7B29 /* NSStoryboard++.swift in Sources */ = {isa = PBXBuildFile; fileRef = 3DF4A6DD20277873007A7B29 /* NSStoryboard++.swift */; };
		3DFCA42623A8E01E0042135E /* MastodonCredentials.swift in Sources */ = {isa = PBXBuildFile; fileRef = 3DFCA42523A8E01E0042135E /* MastodonCredentials.swift */; };
		3DFCA42823A8E0650042135E /* OAuth2.swift in Sources */ = {isa = PBXBuildFile; fileRef = 3DFCA42723A8E0650042135E /* OAuth2.swift */; };
		3DFCA42A23A8F0300042135E /* Provider++.swift in Sources */ = {isa = PBXBuildFile; fileRef = 3DFCA42923A8F0300042135E /* Provider++.swift */; };
		3DFCA43323AA2A610042135E /* PostAttachments.swift in Sources */ = {isa = PBXBuildFile; fileRef = 3DFCA43223AA2A610042135E /* PostAttachments.swift */; };
		3DFF864F2041E1F6004FDD88 /* GlobalKeyEquivalents.swift in Sources */ = {isa = PBXBuildFile; fileRef = 3DFF864E2041E1F5004FDD88 /* GlobalKeyEquivalents.swift */; };
		3DFF865120430789004FDD88 /* KeyEquivalentsDelegate.swift in Sources */ = {isa = PBXBuildFile; fileRef = 3DFF865020430789004FDD88 /* KeyEquivalentsDelegate.swift */; };
		3DFF866320474754004FDD88 /* KeyEquivalentsPaneController.swift in Sources */ = {isa = PBXBuildFile; fileRef = 3DFF866220474753004FDD88 /* KeyEquivalentsPaneController.swift */; };
		3DFF86652048710C004FDD88 /* UserDefaults++.swift in Sources */ = {isa = PBXBuildFile; fileRef = 3DFF86642048710C004FDD88 /* UserDefaults++.swift */; };
/* End PBXBuildFile section */

/* Begin PBXContainerItemProxy section */
		3D5520E12022322500AAF108 /* PBXContainerItemProxy */ = {
			isa = PBXContainerItemProxy;
			containerPortal = 3D5520C62022322100AAF108 /* Project object */;
			proxyType = 1;
			remoteGlobalIDString = 3D5520CD2022322100AAF108;
			remoteInfo = NowPlayingTweet;
		};
		3D5520EC2022322500AAF108 /* PBXContainerItemProxy */ = {
			isa = PBXContainerItemProxy;
			containerPortal = 3D5520C62022322100AAF108 /* Project object */;
			proxyType = 1;
			remoteGlobalIDString = 3D5520CD2022322100AAF108;
			remoteInfo = NowPlayingTweet;
		};
/* End PBXContainerItemProxy section */

/* Begin PBXCopyFilesBuildPhase section */
		3DDCEF752073CDD600BE649C /* Embed Frameworks */ = {
			isa = PBXCopyFilesBuildPhase;
			buildActionMask = 2147483647;
			dstPath = "";
			dstSubfolderSpec = 10;
			files = (
				3DDCEF832073CDFF00BE649C /* SwifterMac.framework in Embed Frameworks */,
				3DDCEF852073CE0300BE649C /* Magnet.framework in Embed Frameworks */,
				3DDCEF872073CE0600BE649C /* KeyHolder.framework in Embed Frameworks */,
				3DDCEF812073CDFC00BE649C /* KeychainAccess.framework in Embed Frameworks */,
				3DDC123223AD57C30088CAE7 /* iTunesBridge.framework in Embed Frameworks */,
			);
			name = "Embed Frameworks";
			runOnlyForDeploymentPostprocessing = 0;
		};
/* End PBXCopyFilesBuildPhase section */

/* Begin PBXFileReference section */
		3D17E78E225364A900AF0E70 /* Client.swift */ = {isa = PBXFileReference; fileEncoding = 4; lastKnownFileType = sourcecode.swift; path = Client.swift; sourceTree = "<group>"; };
		3D17E7932253EDDB00AF0E70 /* TwitterClient.swift */ = {isa = PBXFileReference; fileEncoding = 4; lastKnownFileType = sourcecode.swift; path = TwitterClient.swift; sourceTree = "<group>"; };
		3D17E7952253F41700AF0E70 /* TwitterAccount.swift */ = {isa = PBXFileReference; fileEncoding = 4; lastKnownFileType = sourcecode.swift; path = TwitterAccount.swift; sourceTree = "<group>"; };
		3D5520CE2022322100AAF108 /* NowPlayingTweet.app */ = {isa = PBXFileReference; explicitFileType = wrapper.application; includeInIndex = 0; path = NowPlayingTweet.app; sourceTree = BUILT_PRODUCTS_DIR; };
		3D5520D12022322200AAF108 /* AppDelegate.swift */ = {isa = PBXFileReference; fileEncoding = 4; lastKnownFileType = sourcecode.swift; path = AppDelegate.swift; sourceTree = "<group>"; };
		3D5520D32022322200AAF108 /* GeneralPaneController.swift */ = {isa = PBXFileReference; fileEncoding = 4; lastKnownFileType = sourcecode.swift; path = GeneralPaneController.swift; sourceTree = "<group>"; };
		3D5520D52022322200AAF108 /* Assets.xcassets */ = {isa = PBXFileReference; lastKnownFileType = folder.assetcatalog; path = Assets.xcassets; sourceTree = "<group>"; };
		3D5520D82022322300AAF108 /* Base */ = {isa = PBXFileReference; lastKnownFileType = file.storyboard; name = Base; path = Base.lproj/Main.storyboard; sourceTree = "<group>"; };
		3D5520DA2022322300AAF108 /* Info.plist */ = {isa = PBXFileReference; lastKnownFileType = text.plist.xml; path = Info.plist; sourceTree = "<group>"; };
		3D5520DB2022322300AAF108 /* NowPlayingTweet.entitlements */ = {isa = PBXFileReference; lastKnownFileType = text.plist.entitlements; path = NowPlayingTweet.entitlements; sourceTree = "<group>"; };
		3D5520E02022322500AAF108 /* NowPlayingTweetTests.xctest */ = {isa = PBXFileReference; explicitFileType = wrapper.cfbundle; includeInIndex = 0; path = NowPlayingTweetTests.xctest; sourceTree = BUILT_PRODUCTS_DIR; };
		3D5520E42022322500AAF108 /* NowPlayingTweetTests.swift */ = {isa = PBXFileReference; fileEncoding = 4; lastKnownFileType = sourcecode.swift; path = NowPlayingTweetTests.swift; sourceTree = "<group>"; };
		3D5520E62022322500AAF108 /* Info.plist */ = {isa = PBXFileReference; lastKnownFileType = text.plist.xml; path = Info.plist; sourceTree = "<group>"; };
		3D5520EB2022322500AAF108 /* NowPlayingTweetUITests.xctest */ = {isa = PBXFileReference; explicitFileType = wrapper.cfbundle; includeInIndex = 0; path = NowPlayingTweetUITests.xctest; sourceTree = BUILT_PRODUCTS_DIR; };
		3D5520EF2022322500AAF108 /* NowPlayingTweetUITests.swift */ = {isa = PBXFileReference; fileEncoding = 4; lastKnownFileType = sourcecode.swift; path = NowPlayingTweetUITests.swift; sourceTree = "<group>"; };
		3D5520F12022322500AAF108 /* Info.plist */ = {isa = PBXFileReference; lastKnownFileType = text.plist.xml; path = Info.plist; sourceTree = "<group>"; };
		3D55210120223B8000AAF108 /* SwifterMac.framework */ = {isa = PBXFileReference; lastKnownFileType = wrapper.framework; name = SwifterMac.framework; path = Carthage/Build/Mac/SwifterMac.framework; sourceTree = "<group>"; };
		3D55210E20230EC800AAF108 /* PreferencesWindowController.swift */ = {isa = PBXFileReference; fileEncoding = 4; lastKnownFileType = sourcecode.swift; path = PreferencesWindowController.swift; sourceTree = "<group>"; };
		3D552110202329E900AAF108 /* AccountPaneController.swift */ = {isa = PBXFileReference; fileEncoding = 4; lastKnownFileType = sourcecode.swift; path = AccountPaneController.swift; sourceTree = "<group>"; };
		3D5A4B42218C46F100775D4E /* iTunesBridge.framework */ = {isa = PBXFileReference; lastKnownFileType = wrapper.framework; name = iTunesBridge.framework; path = Carthage/Build/Mac/iTunesBridge.framework; sourceTree = "<group>"; };
		3D9D294423A2E3030031505C /* NSGridView++.swift */ = {isa = PBXFileReference; fileEncoding = 4; lastKnownFileType = sourcecode.swift; path = "NSGridView++.swift"; sourceTree = "<group>"; };
		3D9D294623A38E710031505C /* OAuth.swift */ = {isa = PBXFileReference; fileEncoding = 4; lastKnownFileType = sourcecode.swift; path = OAuth.swift; sourceTree = "<group>"; };
		3D9D294823A38F550031505C /* OAuth1.swift */ = {isa = PBXFileReference; fileEncoding = 4; lastKnownFileType = sourcecode.swift; path = OAuth1.swift; sourceTree = "<group>"; };
		3D9D294C23A3E6F70031505C /* TwitterAccounts.swift */ = {isa = PBXFileReference; fileEncoding = 4; lastKnownFileType = sourcecode.swift; path = TwitterAccounts.swift; sourceTree = "<group>"; };
		3D9D294E23A50C3D0031505C /* ProviderAccounts.swift */ = {isa = PBXFileReference; fileEncoding = 4; lastKnownFileType = sourcecode.swift; path = ProviderAccounts.swift; sourceTree = "<group>"; };
		3D9D295123A61B720031505C /* NotificationName++.swift */ = {isa = PBXFileReference; fileEncoding = 4; lastKnownFileType = sourcecode.swift; path = "NotificationName++.swift"; sourceTree = "<group>"; };
		3D9D295723A648F60031505C /* SocialError.swift */ = {isa = PBXFileReference; fileEncoding = 4; lastKnownFileType = sourcecode.swift; path = SocialError.swift; sourceTree = "<group>"; };
		3D9D295923A65FDF0031505C /* AuthorizeByCallback.swift */ = {isa = PBXFileReference; lastKnownFileType = sourcecode.swift; path = AuthorizeByCallback.swift; sourceTree = "<group>"; };
		3D9D296023A779790031505C /* ProviderCellView.swift */ = {isa = PBXFileReference; fileEncoding = 4; lastKnownFileType = sourcecode.swift; path = ProviderCellView.swift; sourceTree = "<group>"; };
		3DAA09A9202B103F00C6F449 /* NPTError.swift */ = {isa = PBXFileReference; fileEncoding = 4; lastKnownFileType = sourcecode.swift; path = NPTError.swift; sourceTree = "<group>"; };
		3DAA09AB202C1B7100C6F449 /* NSAlert++.swift */ = {isa = PBXFileReference; fileEncoding = 4; lastKnownFileType = sourcecode.swift; path = "NSAlert++.swift"; sourceTree = "<group>"; };
		3DAA09AD202C47EE00C6F449 /* Accounts.swift */ = {isa = PBXFileReference; fileEncoding = 4; lastKnownFileType = sourcecode.swift; path = Accounts.swift; sourceTree = "<group>"; };
		3DAA09B1202CB48500C6F449 /* AccountCellView.swift */ = {isa = PBXFileReference; fileEncoding = 4; lastKnownFileType = sourcecode.swift; path = AccountCellView.swift; sourceTree = "<group>"; };
		3DAA09B3202DB3CB00C6F449 /* NSMenuItem++.swift */ = {isa = PBXFileReference; fileEncoding = 4; lastKnownFileType = sourcecode.swift; path = "NSMenuItem++.swift"; sourceTree = "<group>"; };
		3DCEE8102026409E00D87CE5 /* NSImageView++.swift */ = {isa = PBXFileReference; fileEncoding = 4; lastKnownFileType = sourcecode.swift; path = "NSImageView++.swift"; sourceTree = "<group>"; };
		3DCEE8172027014800D87CE5 /* NSButton++.swift */ = {isa = PBXFileReference; fileEncoding = 4; lastKnownFileType = sourcecode.swift; path = "NSButton++.swift"; sourceTree = "<group>"; };
		3DCEE819202747F800D87CE5 /* AdvancedPaneController.swift */ = {isa = PBXFileReference; fileEncoding = 4; lastKnownFileType = sourcecode.swift; path = AdvancedPaneController.swift; sourceTree = "<group>"; };
		3DD88B2120244F40000F7818 /* KeychainAccess.framework */ = {isa = PBXFileReference; lastKnownFileType = wrapper.framework; name = KeychainAccess.framework; path = Carthage/Build/Mac/KeychainAccess.framework; sourceTree = "<group>"; };
		3DD88B25202450D9000F7818 /* NSControl++.swift */ = {isa = PBXFileReference; fileEncoding = 4; lastKnownFileType = sourcecode.swift; path = "NSControl++.swift"; sourceTree = "<group>"; };
		3DD88B272024974C000F7818 /* Notification++.swift */ = {isa = PBXFileReference; fileEncoding = 4; lastKnownFileType = sourcecode.swift; path = "Notification++.swift"; sourceTree = "<group>"; };
		3DD88B292024BBFE000F7818 /* NSImage++.swift */ = {isa = PBXFileReference; fileEncoding = 4; lastKnownFileType = sourcecode.swift; path = "NSImage++.swift"; sourceTree = "<group>"; };
		3DD88B2B2024C25E000F7818 /* iTunesPlayerInfo.swift */ = {isa = PBXFileReference; fileEncoding = 4; lastKnownFileType = sourcecode.swift; path = iTunesPlayerInfo.swift; sourceTree = "<group>"; };
		3DD88B2D2024C852000F7818 /* NotificationObserver.swift */ = {isa = PBXFileReference; fileEncoding = 4; lastKnownFileType = sourcecode.swift; path = NotificationObserver.swift; sourceTree = "<group>"; };
		3DEEED94234496EE003B2AD2 /* Credentials.swift */ = {isa = PBXFileReference; fileEncoding = 4; lastKnownFileType = sourcecode.swift; path = Credentials.swift; sourceTree = "<group>"; };
		3DEEED9823449903003B2AD2 /* TwitterCredentials.swift */ = {isa = PBXFileReference; fileEncoding = 4; lastKnownFileType = sourcecode.swift; path = TwitterCredentials.swift; sourceTree = "<group>"; };
		3DEF425C2252748C008E977A /* Account.swift */ = {isa = PBXFileReference; lastKnownFileType = sourcecode.swift; path = Account.swift; sourceTree = "<group>"; };
		3DEF425E22527526008E977A /* Provider.swift */ = {isa = PBXFileReference; fileEncoding = 4; lastKnownFileType = sourcecode.swift; path = Provider.swift; sourceTree = "<group>"; };
		3DF4A6DB20277722007A7B29 /* NSEvent++.swift */ = {isa = PBXFileReference; fileEncoding = 4; lastKnownFileType = sourcecode.swift; path = "NSEvent++.swift"; sourceTree = "<group>"; };
		3DF4A6DD20277873007A7B29 /* NSStoryboard++.swift */ = {isa = PBXFileReference; fileEncoding = 4; lastKnownFileType = sourcecode.swift; path = "NSStoryboard++.swift"; sourceTree = "<group>"; };
		3DFCA42523A8E01E0042135E /* MastodonCredentials.swift */ = {isa = PBXFileReference; fileEncoding = 4; lastKnownFileType = sourcecode.swift; path = MastodonCredentials.swift; sourceTree = "<group>"; };
		3DFCA42723A8E0650042135E /* OAuth2.swift */ = {isa = PBXFileReference; fileEncoding = 4; lastKnownFileType = sourcecode.swift; path = OAuth2.swift; sourceTree = "<group>"; };
		3DFCA42923A8F0300042135E /* Provider++.swift */ = {isa = PBXFileReference; fileEncoding = 4; lastKnownFileType = sourcecode.swift; path = "Provider++.swift"; sourceTree = "<group>"; };
		3DFCA43223AA2A610042135E /* PostAttachments.swift */ = {isa = PBXFileReference; fileEncoding = 4; lastKnownFileType = sourcecode.swift; path = PostAttachments.swift; sourceTree = "<group>"; };
		3DFF864E2041E1F5004FDD88 /* GlobalKeyEquivalents.swift */ = {isa = PBXFileReference; fileEncoding = 4; lastKnownFileType = sourcecode.swift; path = GlobalKeyEquivalents.swift; sourceTree = "<group>"; };
		3DFF865020430789004FDD88 /* KeyEquivalentsDelegate.swift */ = {isa = PBXFileReference; fileEncoding = 4; lastKnownFileType = sourcecode.swift; path = KeyEquivalentsDelegate.swift; sourceTree = "<group>"; };
		3DFF8658204718E7004FDD88 /* Magnet.framework */ = {isa = PBXFileReference; lastKnownFileType = wrapper.framework; name = Magnet.framework; path = Carthage/Build/Mac/Magnet.framework; sourceTree = "<group>"; };
		3DFF8659204718E8004FDD88 /* KeyHolder.framework */ = {isa = PBXFileReference; lastKnownFileType = wrapper.framework; name = KeyHolder.framework; path = Carthage/Build/Mac/KeyHolder.framework; sourceTree = "<group>"; };
		3DFF866220474753004FDD88 /* KeyEquivalentsPaneController.swift */ = {isa = PBXFileReference; fileEncoding = 4; lastKnownFileType = sourcecode.swift; path = KeyEquivalentsPaneController.swift; sourceTree = "<group>"; };
		3DFF86642048710C004FDD88 /* UserDefaults++.swift */ = {isa = PBXFileReference; fileEncoding = 4; lastKnownFileType = sourcecode.swift; path = "UserDefaults++.swift"; sourceTree = "<group>"; };
/* End PBXFileReference section */

/* Begin PBXFrameworksBuildPhase section */
		3D5520CB2022322100AAF108 /* Frameworks */ = {
			isa = PBXFrameworksBuildPhase;
			buildActionMask = 2147483647;
			files = (
				3DDCEF822073CDFF00BE649C /* SwifterMac.framework in Frameworks */,
				3DDCEF842073CE0300BE649C /* Magnet.framework in Frameworks */,
				3DDCEF862073CE0600BE649C /* KeyHolder.framework in Frameworks */,
				3DDCEF802073CDFC00BE649C /* KeychainAccess.framework in Frameworks */,
				3DDC123123AD57C30088CAE7 /* iTunesBridge.framework in Frameworks */,
			);
			runOnlyForDeploymentPostprocessing = 0;
		};
		3D5520DD2022322500AAF108 /* Frameworks */ = {
			isa = PBXFrameworksBuildPhase;
			buildActionMask = 2147483647;
			files = (
			);
			runOnlyForDeploymentPostprocessing = 0;
		};
		3D5520E82022322500AAF108 /* Frameworks */ = {
			isa = PBXFrameworksBuildPhase;
			buildActionMask = 2147483647;
			files = (
			);
			runOnlyForDeploymentPostprocessing = 0;
		};
/* End PBXFrameworksBuildPhase section */

/* Begin PBXGroup section */
		3D17E792225371F400AF0E70 /* Social */ = {
			isa = PBXGroup;
			children = (
				3D9D295023A61AB00031505C /* Extensions */,
				3D9D295723A648F60031505C /* SocialError.swift */,
				3DEF425E22527526008E977A /* Provider.swift */,
				3D9D294623A38E710031505C /* OAuth.swift */,
				3D9D294E23A50C3D0031505C /* ProviderAccounts.swift */,
				3DEF425C2252748C008E977A /* Account.swift */,
				3DEEED94234496EE003B2AD2 /* Credentials.swift */,
				3D9D294823A38F550031505C /* OAuth1.swift */,
				3DFCA42723A8E0650042135E /* OAuth2.swift */,
				3D17E78E225364A900AF0E70 /* Client.swift */,
				3DFCA43223AA2A610042135E /* PostAttachments.swift */,
				3D9D295923A65FDF0031505C /* AuthorizeByCallback.swift */,
				3DEEED9A2344A538003B2AD2 /* Twitter */,
				3DFCA42223A8DEC60042135E /* Mastodon */,
			);
			path = Social;
			sourceTree = "<group>";
		};
		3D5520C52022322100AAF108 = {
			isa = PBXGroup;
			children = (
				3D5520D02022322100AAF108 /* Sources */,
				3D5520E32022322500AAF108 /* NowPlayingTweetTests */,
				3D5520EE2022322500AAF108 /* NowPlayingTweetUITests */,
				3D5520CF2022322100AAF108 /* Products */,
				3D5520FD20223B6900AAF108 /* Frameworks */,
			);
			sourceTree = "<group>";
		};
		3D5520CF2022322100AAF108 /* Products */ = {
			isa = PBXGroup;
			children = (
				3D5520CE2022322100AAF108 /* NowPlayingTweet.app */,
				3D5520E02022322500AAF108 /* NowPlayingTweetTests.xctest */,
				3D5520EB2022322500AAF108 /* NowPlayingTweetUITests.xctest */,
			);
			name = Products;
			sourceTree = "<group>";
		};
		3D5520D02022322100AAF108 /* Sources */ = {
			isa = PBXGroup;
			children = (
				3D17E792225371F400AF0E70 /* Social */,
				3D5A4B34218B492500775D4E /* Extensions */,
				3D5520D12022322200AAF108 /* AppDelegate.swift */,
				3D55210E20230EC800AAF108 /* PreferencesWindowController.swift */,
				3D5520D32022322200AAF108 /* GeneralPaneController.swift */,
				3D552110202329E900AAF108 /* AccountPaneController.swift */,
				3DCEE819202747F800D87CE5 /* AdvancedPaneController.swift */,
				3DFF866220474753004FDD88 /* KeyEquivalentsPaneController.swift */,
				3DAA09B1202CB48500C6F449 /* AccountCellView.swift */,
				3D9D296023A779790031505C /* ProviderCellView.swift */,
				3DAA09AD202C47EE00C6F449 /* Accounts.swift */,
				3DD88B2B2024C25E000F7818 /* iTunesPlayerInfo.swift */,
				3DFF864E2041E1F5004FDD88 /* GlobalKeyEquivalents.swift */,
				3DFF865020430789004FDD88 /* KeyEquivalentsDelegate.swift */,
				3DD88B2D2024C852000F7818 /* NotificationObserver.swift */,
				3DAA09A9202B103F00C6F449 /* NPTError.swift */,
				3D5520D52022322200AAF108 /* Assets.xcassets */,
				3D5520D72022322300AAF108 /* Main.storyboard */,
				3D5520DA2022322300AAF108 /* Info.plist */,
				3D5520DB2022322300AAF108 /* NowPlayingTweet.entitlements */,
			);
			path = Sources;
			sourceTree = "<group>";
		};
		3D5520E32022322500AAF108 /* NowPlayingTweetTests */ = {
			isa = PBXGroup;
			children = (
				3D5520E42022322500AAF108 /* NowPlayingTweetTests.swift */,
				3D5520E62022322500AAF108 /* Info.plist */,
			);
			path = NowPlayingTweetTests;
			sourceTree = "<group>";
		};
		3D5520EE2022322500AAF108 /* NowPlayingTweetUITests */ = {
			isa = PBXGroup;
			children = (
				3D5520EF2022322500AAF108 /* NowPlayingTweetUITests.swift */,
				3D5520F12022322500AAF108 /* Info.plist */,
			);
			path = NowPlayingTweetUITests;
			sourceTree = "<group>";
		};
		3D5520FD20223B6900AAF108 /* Frameworks */ = {
			isa = PBXGroup;
			children = (
				3D5A4B42218C46F100775D4E /* iTunesBridge.framework */,
				3D55210120223B8000AAF108 /* SwifterMac.framework */,
				3DFF8658204718E7004FDD88 /* Magnet.framework */,
				3DFF8659204718E8004FDD88 /* KeyHolder.framework */,
				3DD88B2120244F40000F7818 /* KeychainAccess.framework */,
			);
			name = Frameworks;
			sourceTree = "<group>";
		};
		3D5A4B34218B492500775D4E /* Extensions */ = {
			isa = PBXGroup;
			children = (
				3DFCA42923A8F0300042135E /* Provider++.swift */,
				3DD88B272024974C000F7818 /* Notification++.swift */,
				3DCEE8172027014800D87CE5 /* NSButton++.swift */,
				3D9D294423A2E3030031505C /* NSGridView++.swift */,
				3DD88B25202450D9000F7818 /* NSControl++.swift */,
				3DAA09AB202C1B7100C6F449 /* NSAlert++.swift */,
				3DD88B292024BBFE000F7818 /* NSImage++.swift */,
				3DCEE8102026409E00D87CE5 /* NSImageView++.swift */,
				3DAA09B3202DB3CB00C6F449 /* NSMenuItem++.swift */,
				3DF4A6DD20277873007A7B29 /* NSStoryboard++.swift */,
				3DF4A6DB20277722007A7B29 /* NSEvent++.swift */,
				3DFF86642048710C004FDD88 /* UserDefaults++.swift */,
			);
			path = Extensions;
			sourceTree = "<group>";
		};
		3D9D295023A61AB00031505C /* Extensions */ = {
			isa = PBXGroup;
			children = (
				3D9D295123A61B720031505C /* NotificationName++.swift */,
			);
			path = Extensions;
			sourceTree = "<group>";
		};
		3DEEED9A2344A538003B2AD2 /* Twitter */ = {
			isa = PBXGroup;
			children = (
				3DEEED9823449903003B2AD2 /* TwitterCredentials.swift */,
				3D17E7952253F41700AF0E70 /* TwitterAccount.swift */,
				3D17E7932253EDDB00AF0E70 /* TwitterClient.swift */,
				3D9D294C23A3E6F70031505C /* TwitterAccounts.swift */,
			);
			path = Twitter;
			sourceTree = "<group>";
		};
		3DFCA42223A8DEC60042135E /* Mastodon */ = {
			isa = PBXGroup;
			children = (
				3DFCA42523A8E01E0042135E /* MastodonCredentials.swift */,
			);
			path = Mastodon;
			sourceTree = "<group>";
		};
/* End PBXGroup section */

/* Begin PBXNativeTarget section */
		3D5520CD2022322100AAF108 /* NowPlayingTweet */ = {
			isa = PBXNativeTarget;
			buildConfigurationList = 3D5520F42022322500AAF108 /* Build configuration list for PBXNativeTarget "NowPlayingTweet" */;
			buildPhases = (
				3D5520CA2022322100AAF108 /* Sources */,
				3D5520CB2022322100AAF108 /* Frameworks */,
				3D5520CC2022322100AAF108 /* Resources */,
				3DDCEF752073CDD600BE649C /* Embed Frameworks */,
			);
			buildRules = (
			);
			dependencies = (
			);
			name = NowPlayingTweet;
			productName = NowPlayingTweet;
			productReference = 3D5520CE2022322100AAF108 /* NowPlayingTweet.app */;
			productType = "com.apple.product-type.application";
		};
		3D5520DF2022322500AAF108 /* NowPlayingTweetTests */ = {
			isa = PBXNativeTarget;
			buildConfigurationList = 3D5520F72022322500AAF108 /* Build configuration list for PBXNativeTarget "NowPlayingTweetTests" */;
			buildPhases = (
				3D5520DC2022322500AAF108 /* Sources */,
				3D5520DD2022322500AAF108 /* Frameworks */,
				3D5520DE2022322500AAF108 /* Resources */,
			);
			buildRules = (
			);
			dependencies = (
				3D5520E22022322500AAF108 /* PBXTargetDependency */,
			);
			name = NowPlayingTweetTests;
			productName = NowPlayingTweetTests;
			productReference = 3D5520E02022322500AAF108 /* NowPlayingTweetTests.xctest */;
			productType = "com.apple.product-type.bundle.unit-test";
		};
		3D5520EA2022322500AAF108 /* NowPlayingTweetUITests */ = {
			isa = PBXNativeTarget;
			buildConfigurationList = 3D5520FA2022322500AAF108 /* Build configuration list for PBXNativeTarget "NowPlayingTweetUITests" */;
			buildPhases = (
				3D5520E72022322500AAF108 /* Sources */,
				3D5520E82022322500AAF108 /* Frameworks */,
				3D5520E92022322500AAF108 /* Resources */,
			);
			buildRules = (
			);
			dependencies = (
				3D5520ED2022322500AAF108 /* PBXTargetDependency */,
			);
			name = NowPlayingTweetUITests;
			productName = NowPlayingTweetUITests;
			productReference = 3D5520EB2022322500AAF108 /* NowPlayingTweetUITests.xctest */;
			productType = "com.apple.product-type.bundle.ui-testing";
		};
/* End PBXNativeTarget section */

/* Begin PBXProject section */
		3D5520C62022322100AAF108 /* Project object */ = {
			isa = PBXProject;
			attributes = {
				LastSwiftUpdateCheck = 0930;
				LastUpgradeCheck = 1110;
				ORGANIZATIONNAME = kPherox;
				TargetAttributes = {
					3D5520CD2022322100AAF108 = {
						CreatedOnToolsVersion = 9.2;
						LastSwiftMigration = 1020;
						SystemCapabilities = {
							com.apple.Keychain = {
								enabled = 0;
							};
						};
					};
					3D5520DF2022322500AAF108 = {
						CreatedOnToolsVersion = 9.2;
						LastSwiftMigration = 1020;
						ProvisioningStyle = Automatic;
						TestTargetID = 3D5520CD2022322100AAF108;
					};
					3D5520EA2022322500AAF108 = {
						CreatedOnToolsVersion = 9.2;
						LastSwiftMigration = 1020;
						ProvisioningStyle = Automatic;
						TestTargetID = 3D5520CD2022322100AAF108;
					};
				};
			};
			buildConfigurationList = 3D5520C92022322100AAF108 /* Build configuration list for PBXProject "NowPlayingTweet" */;
			compatibilityVersion = "Xcode 10.0";
			developmentRegion = en;
			hasScannedForEncodings = 0;
			knownRegions = (
				en,
				Base,
			);
			mainGroup = 3D5520C52022322100AAF108;
			productRefGroup = 3D5520CF2022322100AAF108 /* Products */;
			projectDirPath = "";
			projectRoot = "";
			targets = (
				3D5520CD2022322100AAF108 /* NowPlayingTweet */,
				3D5520DF2022322500AAF108 /* NowPlayingTweetTests */,
				3D5520EA2022322500AAF108 /* NowPlayingTweetUITests */,
			);
		};
/* End PBXProject section */

/* Begin PBXResourcesBuildPhase section */
		3D5520CC2022322100AAF108 /* Resources */ = {
			isa = PBXResourcesBuildPhase;
			buildActionMask = 2147483647;
			files = (
				3D5520D62022322200AAF108 /* Assets.xcassets in Resources */,
				3D5520D92022322300AAF108 /* Main.storyboard in Resources */,
			);
			runOnlyForDeploymentPostprocessing = 0;
		};
		3D5520DE2022322500AAF108 /* Resources */ = {
			isa = PBXResourcesBuildPhase;
			buildActionMask = 2147483647;
			files = (
			);
			runOnlyForDeploymentPostprocessing = 0;
		};
		3D5520E92022322500AAF108 /* Resources */ = {
			isa = PBXResourcesBuildPhase;
			buildActionMask = 2147483647;
			files = (
			);
			runOnlyForDeploymentPostprocessing = 0;
		};
/* End PBXResourcesBuildPhase section */

/* Begin PBXSourcesBuildPhase section */
		3D5520CA2022322100AAF108 /* Sources */ = {
			isa = PBXSourcesBuildPhase;
			buildActionMask = 2147483647;
			files = (
				3DAA09B4202DB3CE00C6F449 /* NSMenuItem++.swift in Sources */,
				3D9D296223A7831E0031505C /* ProviderCellView.swift in Sources */,
				3DEEED9923449903003B2AD2 /* TwitterCredentials.swift in Sources */,
				3DAA09B2202CB48500C6F449 /* AccountCellView.swift in Sources */,
				3DFCA43323AA2A610042135E /* PostAttachments.swift in Sources */,
				3D55210F20230EC800AAF108 /* PreferencesWindowController.swift in Sources */,
				3D5520D42022322200AAF108 /* GeneralPaneController.swift in Sources */,
				3D17E7942253EDDB00AF0E70 /* TwitterClient.swift in Sources */,
				3DFCA42623A8E01E0042135E /* MastodonCredentials.swift in Sources */,
				3D9D294723A38E710031505C /* OAuth.swift in Sources */,
				3DFCA42823A8E0650042135E /* OAuth2.swift in Sources */,
				3D552111202329E900AAF108 /* AccountPaneController.swift in Sources */,
				3D17E78F225364A900AF0E70 /* Client.swift in Sources */,
				3D9D295A23A65FDF0031505C /* AuthorizeByCallback.swift in Sources */,
				3D9D294D23A3E6F70031505C /* TwitterAccounts.swift in Sources */,
				3D9D294523A2E3030031505C /* NSGridView++.swift in Sources */,
				3DD88B2C2024C25E000F7818 /* iTunesPlayerInfo.swift in Sources */,
				3DAA09AA202B104000C6F449 /* NPTError.swift in Sources */,
				3D9D294923A38F550031505C /* OAuth1.swift in Sources */,
				3D17E7962253F41700AF0E70 /* TwitterAccount.swift in Sources */,
				3D9D294F23A50C3D0031505C /* ProviderAccounts.swift in Sources */,
				3DF4A6DC20277722007A7B29 /* NSEvent++.swift in Sources */,
				3D9D295823A648F60031505C /* SocialError.swift in Sources */,
				3DFCA42A23A8F0300042135E /* Provider++.swift in Sources */,
				3DAA09AE202C47EE00C6F449 /* Accounts.swift in Sources */,
				3D5520D22022322200AAF108 /* AppDelegate.swift in Sources */,
				3DFF864F2041E1F6004FDD88 /* GlobalKeyEquivalents.swift in Sources */,
				3DD88B2A2024BBFE000F7818 /* NSImage++.swift in Sources */,
				3DD88B282024974C000F7818 /* Notification++.swift in Sources */,
				3DFF865120430789004FDD88 /* KeyEquivalentsDelegate.swift in Sources */,
				3DFF866320474754004FDD88 /* KeyEquivalentsPaneController.swift in Sources */,
				3DCEE81A202747F800D87CE5 /* AdvancedPaneController.swift in Sources */,
				3DD88B26202450D9000F7818 /* NSControl++.swift in Sources */,
				3DCEE8182027014800D87CE5 /* NSButton++.swift in Sources */,
				3DD88B2E2024C852000F7818 /* NotificationObserver.swift in Sources */,
				3D9D295223A61B720031505C /* NotificationName++.swift in Sources */,
				3DFF86652048710C004FDD88 /* UserDefaults++.swift in Sources */,
				3DEEED95234496EE003B2AD2 /* Credentials.swift in Sources */,
				3DEF425D2252748C008E977A /* Account.swift in Sources */,
				3DCEE8112026409E00D87CE5 /* NSImageView++.swift in Sources */,
				3DEF425F22527526008E977A /* Provider.swift in Sources */,
				3DAA09AC202C1B7100C6F449 /* NSAlert++.swift in Sources */,
				3DF4A6DE20277873007A7B29 /* NSStoryboard++.swift in Sources */,
			);
			runOnlyForDeploymentPostprocessing = 0;
		};
		3D5520DC2022322500AAF108 /* Sources */ = {
			isa = PBXSourcesBuildPhase;
			buildActionMask = 2147483647;
			files = (
				3D5520E52022322500AAF108 /* NowPlayingTweetTests.swift in Sources */,
			);
			runOnlyForDeploymentPostprocessing = 0;
		};
		3D5520E72022322500AAF108 /* Sources */ = {
			isa = PBXSourcesBuildPhase;
			buildActionMask = 2147483647;
			files = (
				3D5520F02022322500AAF108 /* NowPlayingTweetUITests.swift in Sources */,
			);
			runOnlyForDeploymentPostprocessing = 0;
		};
/* End PBXSourcesBuildPhase section */

/* Begin PBXTargetDependency section */
		3D5520E22022322500AAF108 /* PBXTargetDependency */ = {
			isa = PBXTargetDependency;
			target = 3D5520CD2022322100AAF108 /* NowPlayingTweet */;
			targetProxy = 3D5520E12022322500AAF108 /* PBXContainerItemProxy */;
		};
		3D5520ED2022322500AAF108 /* PBXTargetDependency */ = {
			isa = PBXTargetDependency;
			target = 3D5520CD2022322100AAF108 /* NowPlayingTweet */;
			targetProxy = 3D5520EC2022322500AAF108 /* PBXContainerItemProxy */;
		};
/* End PBXTargetDependency section */

/* Begin PBXVariantGroup section */
		3D5520D72022322300AAF108 /* Main.storyboard */ = {
			isa = PBXVariantGroup;
			children = (
				3D5520D82022322300AAF108 /* Base */,
			);
			name = Main.storyboard;
			sourceTree = "<group>";
		};
/* End PBXVariantGroup section */

/* Begin XCBuildConfiguration section */
		3D5520F22022322500AAF108 /* Debug */ = {
			isa = XCBuildConfiguration;
			buildSettings = {
				CLANG_ANALYZER_NONNULL = YES;
				CLANG_ANALYZER_NUMBER_OBJECT_CONVERSION = YES_AGGRESSIVE;
				CLANG_CXX_LANGUAGE_STANDARD = "gnu++14";
				CLANG_CXX_LIBRARY = "libc++";
				CLANG_ENABLE_MODULES = YES;
				CLANG_ENABLE_OBJC_ARC = YES;
				CLANG_WARN_BLOCK_CAPTURE_AUTORELEASING = YES;
				CLANG_WARN_BOOL_CONVERSION = YES;
				CLANG_WARN_COMMA = YES;
				CLANG_WARN_CONSTANT_CONVERSION = YES;
				CLANG_WARN_DEPRECATED_OBJC_IMPLEMENTATIONS = YES;
				CLANG_WARN_DIRECT_OBJC_ISA_USAGE = YES_ERROR;
				CLANG_WARN_DOCUMENTATION_COMMENTS = YES;
				CLANG_WARN_EMPTY_BODY = YES;
				CLANG_WARN_ENUM_CONVERSION = YES;
				CLANG_WARN_INFINITE_RECURSION = YES;
				CLANG_WARN_INT_CONVERSION = YES;
				CLANG_WARN_NON_LITERAL_NULL_CONVERSION = YES;
				CLANG_WARN_OBJC_IMPLICIT_RETAIN_SELF = YES;
				CLANG_WARN_OBJC_LITERAL_CONVERSION = YES;
				CLANG_WARN_OBJC_ROOT_CLASS = YES_ERROR;
				CLANG_WARN_RANGE_LOOP_ANALYSIS = YES;
				CLANG_WARN_STRICT_PROTOTYPES = YES;
				CLANG_WARN_SUSPICIOUS_MOVE = YES;
				CLANG_WARN_UNGUARDED_AVAILABILITY = YES_AGGRESSIVE;
				CLANG_WARN_UNREACHABLE_CODE = YES;
				CLANG_WARN__DUPLICATE_METHOD_MATCH = YES;
				COPY_PHASE_STRIP = NO;
				DEBUG_INFORMATION_FORMAT = dwarf;
				ENABLE_STRICT_OBJC_MSGSEND = YES;
				ENABLE_TESTABILITY = YES;
				GCC_C_LANGUAGE_STANDARD = gnu11;
				GCC_DYNAMIC_NO_PIC = NO;
				GCC_NO_COMMON_BLOCKS = YES;
				GCC_OPTIMIZATION_LEVEL = 0;
				GCC_PREPROCESSOR_DEFINITIONS = (
					"DEBUG=1",
					"$(inherited)",
				);
				GCC_WARN_64_TO_32_BIT_CONVERSION = YES;
				GCC_WARN_ABOUT_RETURN_TYPE = YES_ERROR;
				GCC_WARN_UNDECLARED_SELECTOR = YES;
				GCC_WARN_UNINITIALIZED_AUTOS = YES_AGGRESSIVE;
				GCC_WARN_UNUSED_FUNCTION = YES;
				GCC_WARN_UNUSED_VARIABLE = YES;
				MACOSX_DEPLOYMENT_TARGET = 10.13;
				MTL_ENABLE_DEBUG_INFO = YES;
				ONLY_ACTIVE_ARCH = YES;
				SDKROOT = macosx;
				SWIFT_ACTIVE_COMPILATION_CONDITIONS = DEBUG;
				SWIFT_OPTIMIZATION_LEVEL = "-Onone";
			};
			name = Debug;
		};
		3D5520F32022322500AAF108 /* Release */ = {
			isa = XCBuildConfiguration;
			buildSettings = {
				CLANG_ANALYZER_NONNULL = YES;
				CLANG_ANALYZER_NUMBER_OBJECT_CONVERSION = YES_AGGRESSIVE;
				CLANG_CXX_LANGUAGE_STANDARD = "gnu++14";
				CLANG_CXX_LIBRARY = "libc++";
				CLANG_ENABLE_MODULES = YES;
				CLANG_ENABLE_OBJC_ARC = YES;
				CLANG_WARN_BLOCK_CAPTURE_AUTORELEASING = YES;
				CLANG_WARN_BOOL_CONVERSION = YES;
				CLANG_WARN_COMMA = YES;
				CLANG_WARN_CONSTANT_CONVERSION = YES;
				CLANG_WARN_DEPRECATED_OBJC_IMPLEMENTATIONS = YES;
				CLANG_WARN_DIRECT_OBJC_ISA_USAGE = YES_ERROR;
				CLANG_WARN_DOCUMENTATION_COMMENTS = YES;
				CLANG_WARN_EMPTY_BODY = YES;
				CLANG_WARN_ENUM_CONVERSION = YES;
				CLANG_WARN_INFINITE_RECURSION = YES;
				CLANG_WARN_INT_CONVERSION = YES;
				CLANG_WARN_NON_LITERAL_NULL_CONVERSION = YES;
				CLANG_WARN_OBJC_IMPLICIT_RETAIN_SELF = YES;
				CLANG_WARN_OBJC_LITERAL_CONVERSION = YES;
				CLANG_WARN_OBJC_ROOT_CLASS = YES_ERROR;
				CLANG_WARN_RANGE_LOOP_ANALYSIS = YES;
				CLANG_WARN_STRICT_PROTOTYPES = YES;
				CLANG_WARN_SUSPICIOUS_MOVE = YES;
				CLANG_WARN_UNGUARDED_AVAILABILITY = YES_AGGRESSIVE;
				CLANG_WARN_UNREACHABLE_CODE = YES;
				CLANG_WARN__DUPLICATE_METHOD_MATCH = YES;
				COPY_PHASE_STRIP = NO;
				DEBUG_INFORMATION_FORMAT = "dwarf-with-dsym";
				ENABLE_NS_ASSERTIONS = NO;
				ENABLE_STRICT_OBJC_MSGSEND = YES;
				GCC_C_LANGUAGE_STANDARD = gnu11;
				GCC_NO_COMMON_BLOCKS = YES;
				GCC_WARN_64_TO_32_BIT_CONVERSION = YES;
				GCC_WARN_ABOUT_RETURN_TYPE = YES_ERROR;
				GCC_WARN_UNDECLARED_SELECTOR = YES;
				GCC_WARN_UNINITIALIZED_AUTOS = YES_AGGRESSIVE;
				GCC_WARN_UNUSED_FUNCTION = YES;
				GCC_WARN_UNUSED_VARIABLE = YES;
				MACOSX_DEPLOYMENT_TARGET = 10.13;
				MTL_ENABLE_DEBUG_INFO = NO;
				SDKROOT = macosx;
				SWIFT_COMPILATION_MODE = wholemodule;
				SWIFT_OPTIMIZATION_LEVEL = "-O";
			};
			name = Release;
		};
		3D5520F52022322500AAF108 /* Debug */ = {
			isa = XCBuildConfiguration;
			buildSettings = {
				ASSETCATALOG_COMPILER_APPICON_NAME = AppIcon;
				CODE_SIGN_ENTITLEMENTS = Sources/NowPlayingTweet.entitlements;
				CODE_SIGN_IDENTITY = "Apple Development";
				CODE_SIGN_STYLE = Automatic;
				COMBINE_HIDPI_IMAGES = YES;
				CURRENT_PROJECT_VERSION = 0.6.0a1;
				DEVELOPMENT_TEAM = TZD4EE242K;
				FRAMEWORK_SEARCH_PATHS = (
					"$(inherited)",
					"$(PROJECT_DIR)/Carthage/Build/Mac",
				);
				INFOPLIST_FILE = Sources/Info.plist;
				LD_RUNPATH_SEARCH_PATHS = (
					"$(inherited)",
					"@executable_path/../Frameworks",
				);
				MARKETING_VERSION = "0.6.0-alpha.1";
				PRODUCT_BUNDLE_IDENTIFIER = "com.kr-kp.NowPlayingTweet";
				PRODUCT_NAME = "$(TARGET_NAME)";
				PROVISIONING_PROFILE_SPECIFIER = "";
				SWIFT_VERSION = 5.0;
				VERSIONING_SYSTEM = "apple-generic";
			};
			name = Debug;
		};
		3D5520F62022322500AAF108 /* Release */ = {
			isa = XCBuildConfiguration;
			buildSettings = {
				ASSETCATALOG_COMPILER_APPICON_NAME = AppIcon;
				CODE_SIGN_ENTITLEMENTS = Sources/NowPlayingTweet.entitlements;
				CODE_SIGN_IDENTITY = "Apple Development";
				CODE_SIGN_STYLE = Automatic;
				COMBINE_HIDPI_IMAGES = YES;
				CURRENT_PROJECT_VERSION = 0.6.0a1;
				DEVELOPMENT_TEAM = TZD4EE242K;
				FRAMEWORK_SEARCH_PATHS = (
					"$(inherited)",
					"$(PROJECT_DIR)/Carthage/Build/Mac",
				);
				INFOPLIST_FILE = Sources/Info.plist;
				LD_RUNPATH_SEARCH_PATHS = (
					"$(inherited)",
					"@executable_path/../Frameworks",
				);
				MARKETING_VERSION = "0.6.0-alpha.1";
				PRODUCT_BUNDLE_IDENTIFIER = "com.kr-kp.NowPlayingTweet";
				PRODUCT_NAME = "$(TARGET_NAME)";
				PROVISIONING_PROFILE_SPECIFIER = "";
				SWIFT_VERSION = 5.0;
				VERSIONING_SYSTEM = "apple-generic";
			};
			name = Release;
		};
		3D5520F82022322500AAF108 /* Debug */ = {
			isa = XCBuildConfiguration;
			buildSettings = {
				ALWAYS_EMBED_SWIFT_STANDARD_LIBRARIES = YES;
				BUNDLE_LOADER = "$(TEST_HOST)";
				COMBINE_HIDPI_IMAGES = YES;
				INFOPLIST_FILE = NowPlayingTweetTests/Info.plist;
				LD_RUNPATH_SEARCH_PATHS = (
					"$(inherited)",
					"@executable_path/../Frameworks",
					"@loader_path/../Frameworks",
				);
				PRODUCT_BUNDLE_IDENTIFIER = "com.kr-kp.NowPlayingTweetTests";
				PRODUCT_NAME = "$(TARGET_NAME)";
				SWIFT_VERSION = 5.0;
				TEST_HOST = "$(BUILT_PRODUCTS_DIR)/NowPlayingTweet.app/Contents/MacOS/NowPlayingTweet";
			};
			name = Debug;
		};
		3D5520F92022322500AAF108 /* Release */ = {
			isa = XCBuildConfiguration;
			buildSettings = {
				ALWAYS_EMBED_SWIFT_STANDARD_LIBRARIES = YES;
				BUNDLE_LOADER = "$(TEST_HOST)";
				COMBINE_HIDPI_IMAGES = YES;
				INFOPLIST_FILE = NowPlayingTweetTests/Info.plist;
				LD_RUNPATH_SEARCH_PATHS = (
					"$(inherited)",
					"@executable_path/../Frameworks",
					"@loader_path/../Frameworks",
				);
				PRODUCT_BUNDLE_IDENTIFIER = "com.kr-kp.NowPlayingTweetTests";
				PRODUCT_NAME = "$(TARGET_NAME)";
				SWIFT_VERSION = 5.0;
				TEST_HOST = "$(BUILT_PRODUCTS_DIR)/NowPlayingTweet.app/Contents/MacOS/NowPlayingTweet";
			};
			name = Release;
		};
		3D5520FB2022322500AAF108 /* Debug */ = {
			isa = XCBuildConfiguration;
			buildSettings = {
				ALWAYS_EMBED_SWIFT_STANDARD_LIBRARIES = YES;
				COMBINE_HIDPI_IMAGES = YES;
				INFOPLIST_FILE = NowPlayingTweetUITests/Info.plist;
				LD_RUNPATH_SEARCH_PATHS = (
					"$(inherited)",
					"@executable_path/../Frameworks",
					"@loader_path/../Frameworks",
				);
				PRODUCT_BUNDLE_IDENTIFIER = "com.kr-kp.NowPlayingTweetUITests";
				PRODUCT_NAME = "$(TARGET_NAME)";
				SWIFT_VERSION = 5.0;
				TEST_TARGET_NAME = NowPlayingTweet;
			};
			name = Debug;
		};
		3D5520FC2022322500AAF108 /* Release */ = {
			isa = XCBuildConfiguration;
			buildSettings = {
				ALWAYS_EMBED_SWIFT_STANDARD_LIBRARIES = YES;
				COMBINE_HIDPI_IMAGES = YES;
				INFOPLIST_FILE = NowPlayingTweetUITests/Info.plist;
				LD_RUNPATH_SEARCH_PATHS = (
					"$(inherited)",
					"@executable_path/../Frameworks",
					"@loader_path/../Frameworks",
				);
				PRODUCT_BUNDLE_IDENTIFIER = "com.kr-kp.NowPlayingTweetUITests";
				PRODUCT_NAME = "$(TARGET_NAME)";
				SWIFT_VERSION = 5.0;
				TEST_TARGET_NAME = NowPlayingTweet;
			};
			name = Release;
		};
/* End XCBuildConfiguration section */

/* Begin XCConfigurationList section */
		3D5520C92022322100AAF108 /* Build configuration list for PBXProject "NowPlayingTweet" */ = {
			isa = XCConfigurationList;
			buildConfigurations = (
				3D5520F22022322500AAF108 /* Debug */,
				3D5520F32022322500AAF108 /* Release */,
			);
			defaultConfigurationIsVisible = 0;
			defaultConfigurationName = Release;
		};
		3D5520F42022322500AAF108 /* Build configuration list for PBXNativeTarget "NowPlayingTweet" */ = {
			isa = XCConfigurationList;
			buildConfigurations = (
				3D5520F52022322500AAF108 /* Debug */,
				3D5520F62022322500AAF108 /* Release */,
			);
			defaultConfigurationIsVisible = 0;
			defaultConfigurationName = Release;
		};
		3D5520F72022322500AAF108 /* Build configuration list for PBXNativeTarget "NowPlayingTweetTests" */ = {
			isa = XCConfigurationList;
			buildConfigurations = (
				3D5520F82022322500AAF108 /* Debug */,
				3D5520F92022322500AAF108 /* Release */,
			);
			defaultConfigurationIsVisible = 0;
			defaultConfigurationName = Release;
		};
		3D5520FA2022322500AAF108 /* Build configuration list for PBXNativeTarget "NowPlayingTweetUITests" */ = {
			isa = XCConfigurationList;
			buildConfigurations = (
				3D5520FB2022322500AAF108 /* Debug */,
				3D5520FC2022322500AAF108 /* Release */,
			);
			defaultConfigurationIsVisible = 0;
			defaultConfigurationName = Release;
		};
/* End XCConfigurationList section */
	};
	rootObject = 3D5520C62022322100AAF108 /* Project object */;
}
